// !$*UTF8*$!
{
	archiveVersion = 1;
	classes = {
	};
	objectVersion = 50;
	objects = {

/* Begin PBXBuildFile section */
		DD861CF220C657B7004C0B32 /* AppDelegate.swift in Sources */ = {isa = PBXBuildFile; fileRef = DD861CF120C657B7004C0B32 /* AppDelegate.swift */; };
		DD861CF720C657B7004C0B32 /* Main.storyboard in Resources */ = {isa = PBXBuildFile; fileRef = DD861CF520C657B7004C0B32 /* Main.storyboard */; };
		DD861CF920C657BF004C0B32 /* Assets.xcassets in Resources */ = {isa = PBXBuildFile; fileRef = DD861CF820C657BF004C0B32 /* Assets.xcassets */; };
		DD861CFC20C657BF004C0B32 /* LaunchScreen.storyboard in Resources */ = {isa = PBXBuildFile; fileRef = DD861CFA20C657BF004C0B32 /* LaunchScreen.storyboard */; };
		DD861D0720C657BF004C0B32 /* HomepwnerTests.swift in Sources */ = {isa = PBXBuildFile; fileRef = DD861D0620C657BF004C0B32 /* HomepwnerTests.swift */; };
		DD861D1220C657BF004C0B32 /* HomepwnerUITests.swift in Sources */ = {isa = PBXBuildFile; fileRef = DD861D1120C657BF004C0B32 /* HomepwnerUITests.swift */; };
		DD861D2020C6597A004C0B32 /* ItemsViewController.swift in Sources */ = {isa = PBXBuildFile; fileRef = DD861D1F20C6597A004C0B32 /* ItemsViewController.swift */; };
		DD861D2220C65DC5004C0B32 /* Item.swift in Sources */ = {isa = PBXBuildFile; fileRef = DD861D2120C65DC5004C0B32 /* Item.swift */; };
		DD861D2420C66950004C0B32 /* ItemStore.swift in Sources */ = {isa = PBXBuildFile; fileRef = DD861D2320C66950004C0B32 /* ItemStore.swift */; };
		DDC8791D20CA505D00DB4826 /* ItemCell.swift in Sources */ = {isa = PBXBuildFile; fileRef = DDC8791C20CA505D00DB4826 /* ItemCell.swift */; };
/* End PBXBuildFile section */

/* Begin PBXContainerItemProxy section */
		DD861D0320C657BF004C0B32 /* PBXContainerItemProxy */ = {
			isa = PBXContainerItemProxy;
			containerPortal = DD861CE620C657B7004C0B32 /* Project object */;
			proxyType = 1;
			remoteGlobalIDString = DD861CED20C657B7004C0B32;
			remoteInfo = Homepwner;
		};
		DD861D0E20C657BF004C0B32 /* PBXContainerItemProxy */ = {
			isa = PBXContainerItemProxy;
			containerPortal = DD861CE620C657B7004C0B32 /* Project object */;
			proxyType = 1;
			remoteGlobalIDString = DD861CED20C657B7004C0B32;
			remoteInfo = Homepwner;
		};
/* End PBXContainerItemProxy section */

/* Begin PBXFileReference section */
		DD861CEE20C657B7004C0B32 /* Homepwner.app */ = {isa = PBXFileReference; explicitFileType = wrapper.application; includeInIndex = 0; path = Homepwner.app; sourceTree = BUILT_PRODUCTS_DIR; };
		DD861CF120C657B7004C0B32 /* AppDelegate.swift */ = {isa = PBXFileReference; lastKnownFileType = sourcecode.swift; path = AppDelegate.swift; sourceTree = "<group>"; };
		DD861CF620C657B7004C0B32 /* Base */ = {isa = PBXFileReference; lastKnownFileType = file.storyboard; name = Base; path = Base.lproj/Main.storyboard; sourceTree = "<group>"; };
		DD861CF820C657BF004C0B32 /* Assets.xcassets */ = {isa = PBXFileReference; lastKnownFileType = folder.assetcatalog; path = Assets.xcassets; sourceTree = "<group>"; };
		DD861CFB20C657BF004C0B32 /* Base */ = {isa = PBXFileReference; lastKnownFileType = file.storyboard; name = Base; path = Base.lproj/LaunchScreen.storyboard; sourceTree = "<group>"; };
		DD861CFD20C657BF004C0B32 /* Info.plist */ = {isa = PBXFileReference; lastKnownFileType = text.plist.xml; path = Info.plist; sourceTree = "<group>"; };
		DD861D0220C657BF004C0B32 /* HomepwnerTests.xctest */ = {isa = PBXFileReference; explicitFileType = wrapper.cfbundle; includeInIndex = 0; path = HomepwnerTests.xctest; sourceTree = BUILT_PRODUCTS_DIR; };
		DD861D0620C657BF004C0B32 /* HomepwnerTests.swift */ = {isa = PBXFileReference; lastKnownFileType = sourcecode.swift; path = HomepwnerTests.swift; sourceTree = "<group>"; };
		DD861D0820C657BF004C0B32 /* Info.plist */ = {isa = PBXFileReference; lastKnownFileType = text.plist.xml; path = Info.plist; sourceTree = "<group>"; };
		DD861D0D20C657BF004C0B32 /* HomepwnerUITests.xctest */ = {isa = PBXFileReference; explicitFileType = wrapper.cfbundle; includeInIndex = 0; path = HomepwnerUITests.xctest; sourceTree = BUILT_PRODUCTS_DIR; };
		DD861D1120C657BF004C0B32 /* HomepwnerUITests.swift */ = {isa = PBXFileReference; lastKnownFileType = sourcecode.swift; path = HomepwnerUITests.swift; sourceTree = "<group>"; };
		DD861D1320C657BF004C0B32 /* Info.plist */ = {isa = PBXFileReference; lastKnownFileType = text.plist.xml; path = Info.plist; sourceTree = "<group>"; };
		DD861D1F20C6597A004C0B32 /* ItemsViewController.swift */ = {isa = PBXFileReference; lastKnownFileType = sourcecode.swift; path = ItemsViewController.swift; sourceTree = "<group>"; };
		DD861D2120C65DC5004C0B32 /* Item.swift */ = {isa = PBXFileReference; lastKnownFileType = sourcecode.swift; path = Item.swift; sourceTree = "<group>"; };
		DD861D2320C66950004C0B32 /* ItemStore.swift */ = {isa = PBXFileReference; lastKnownFileType = sourcecode.swift; path = ItemStore.swift; sourceTree = "<group>"; };
		DDC8791C20CA505D00DB4826 /* ItemCell.swift */ = {isa = PBXFileReference; lastKnownFileType = sourcecode.swift; path = ItemCell.swift; sourceTree = "<group>"; };
/* End PBXFileReference section */

/* Begin PBXFrameworksBuildPhase section */
		DD861CEB20C657B7004C0B32 /* Frameworks */ = {
			isa = PBXFrameworksBuildPhase;
			buildActionMask = 2147483647;
			files = (
			);
			runOnlyForDeploymentPostprocessing = 0;
		};
		DD861CFF20C657BF004C0B32 /* Frameworks */ = {
			isa = PBXFrameworksBuildPhase;
			buildActionMask = 2147483647;
			files = (
			);
			runOnlyForDeploymentPostprocessing = 0;
		};
		DD861D0A20C657BF004C0B32 /* Frameworks */ = {
			isa = PBXFrameworksBuildPhase;
			buildActionMask = 2147483647;
			files = (
			);
			runOnlyForDeploymentPostprocessing = 0;
		};
/* End PBXFrameworksBuildPhase section */

/* Begin PBXGroup section */
		DD861CE520C657B7004C0B32 = {
			isa = PBXGroup;
			children = (
				DD861CF020C657B7004C0B32 /* Homepwner */,
				DD861D0520C657BF004C0B32 /* HomepwnerTests */,
				DD861D1020C657BF004C0B32 /* HomepwnerUITests */,
				DD861CEF20C657B7004C0B32 /* Products */,
			);
			sourceTree = "<group>";
		};
		DD861CEF20C657B7004C0B32 /* Products */ = {
			isa = PBXGroup;
			children = (
				DD861CEE20C657B7004C0B32 /* Homepwner.app */,
				DD861D0220C657BF004C0B32 /* HomepwnerTests.xctest */,
				DD861D0D20C657BF004C0B32 /* HomepwnerUITests.xctest */,
			);
			name = Products;
			sourceTree = "<group>";
		};
		DD861CF020C657B7004C0B32 /* Homepwner */ = {
			isa = PBXGroup;
			children = (
				DD861CF120C657B7004C0B32 /* AppDelegate.swift */,
				DD861CF520C657B7004C0B32 /* Main.storyboard */,
				DD861CF820C657BF004C0B32 /* Assets.xcassets */,
				DD861CFA20C657BF004C0B32 /* LaunchScreen.storyboard */,
				DD861CFD20C657BF004C0B32 /* Info.plist */,
				DD861D1F20C6597A004C0B32 /* ItemsViewController.swift */,
				DD861D2120C65DC5004C0B32 /* Item.swift */,
				DD861D2320C66950004C0B32 /* ItemStore.swift */,
				DDC8791C20CA505D00DB4826 /* ItemCell.swift */,
			);
			path = Homepwner;
			sourceTree = "<group>";
		};
		DD861D0520C657BF004C0B32 /* HomepwnerTests */ = {
			isa = PBXGroup;
			children = (
				DD861D0620C657BF004C0B32 /* HomepwnerTests.swift */,
				DD861D0820C657BF004C0B32 /* Info.plist */,
			);
			path = HomepwnerTests;
			sourceTree = "<group>";
		};
		DD861D1020C657BF004C0B32 /* HomepwnerUITests */ = {
			isa = PBXGroup;
			children = (
				DD861D1120C657BF004C0B32 /* HomepwnerUITests.swift */,
				DD861D1320C657BF004C0B32 /* Info.plist */,
			);
			path = HomepwnerUITests;
			sourceTree = "<group>";
		};
/* End PBXGroup section */

/* Begin PBXNativeTarget section */
		DD861CED20C657B7004C0B32 /* Homepwner */ = {
			isa = PBXNativeTarget;
			buildConfigurationList = DD861D1620C657BF004C0B32 /* Build configuration list for PBXNativeTarget "Homepwner" */;
			buildPhases = (
				DD861CEA20C657B7004C0B32 /* Sources */,
				DD861CEB20C657B7004C0B32 /* Frameworks */,
				DD861CEC20C657B7004C0B32 /* Resources */,
			);
			buildRules = (
			);
			dependencies = (
			);
			name = Homepwner;
			productName = Homepwner;
			productReference = DD861CEE20C657B7004C0B32 /* Homepwner.app */;
			productType = "com.apple.product-type.application";
		};
		DD861D0120C657BF004C0B32 /* HomepwnerTests */ = {
			isa = PBXNativeTarget;
			buildConfigurationList = DD861D1920C657BF004C0B32 /* Build configuration list for PBXNativeTarget "HomepwnerTests" */;
			buildPhases = (
				DD861CFE20C657BF004C0B32 /* Sources */,
				DD861CFF20C657BF004C0B32 /* Frameworks */,
				DD861D0020C657BF004C0B32 /* Resources */,
			);
			buildRules = (
			);
			dependencies = (
				DD861D0420C657BF004C0B32 /* PBXTargetDependency */,
			);
			name = HomepwnerTests;
			productName = HomepwnerTests;
			productReference = DD861D0220C657BF004C0B32 /* HomepwnerTests.xctest */;
			productType = "com.apple.product-type.bundle.unit-test";
		};
		DD861D0C20C657BF004C0B32 /* HomepwnerUITests */ = {
			isa = PBXNativeTarget;
			buildConfigurationList = DD861D1C20C657BF004C0B32 /* Build configuration list for PBXNativeTarget "HomepwnerUITests" */;
			buildPhases = (
				DD861D0920C657BF004C0B32 /* Sources */,
				DD861D0A20C657BF004C0B32 /* Frameworks */,
				DD861D0B20C657BF004C0B32 /* Resources */,
			);
			buildRules = (
			);
			dependencies = (
				DD861D0F20C657BF004C0B32 /* PBXTargetDependency */,
			);
			name = HomepwnerUITests;
			productName = HomepwnerUITests;
			productReference = DD861D0D20C657BF004C0B32 /* HomepwnerUITests.xctest */;
			productType = "com.apple.product-type.bundle.ui-testing";
		};
/* End PBXNativeTarget section */

/* Begin PBXProject section */
		DD861CE620C657B7004C0B32 /* Project object */ = {
			isa = PBXProject;
			attributes = {
				LastSwiftUpdateCheck = 0940;
				LastUpgradeCheck = 0940;
				ORGANIZATIONNAME = "Jose Manuel García Chávez";
				TargetAttributes = {
					DD861CED20C657B7004C0B32 = {
						CreatedOnToolsVersion = 9.4;
					};
					DD861D0120C657BF004C0B32 = {
						CreatedOnToolsVersion = 9.4;
						TestTargetID = DD861CED20C657B7004C0B32;
					};
					DD861D0C20C657BF004C0B32 = {
						CreatedOnToolsVersion = 9.4;
						TestTargetID = DD861CED20C657B7004C0B32;
					};
				};
			};
			buildConfigurationList = DD861CE920C657B7004C0B32 /* Build configuration list for PBXProject "Homepwner" */;
			compatibilityVersion = "Xcode 9.3";
			developmentRegion = en;
			hasScannedForEncodings = 0;
			knownRegions = (
				en,
				Base,
			);
			mainGroup = DD861CE520C657B7004C0B32;
			productRefGroup = DD861CEF20C657B7004C0B32 /* Products */;
			projectDirPath = "";
			projectRoot = "";
			targets = (
				DD861CED20C657B7004C0B32 /* Homepwner */,
				DD861D0120C657BF004C0B32 /* HomepwnerTests */,
				DD861D0C20C657BF004C0B32 /* HomepwnerUITests */,
			);
		};
/* End PBXProject section */

/* Begin PBXResourcesBuildPhase section */
		DD861CEC20C657B7004C0B32 /* Resources */ = {
			isa = PBXResourcesBuildPhase;
			buildActionMask = 2147483647;
			files = (
				DD861CFC20C657BF004C0B32 /* LaunchScreen.storyboard in Resources */,
				DD861CF920C657BF004C0B32 /* Assets.xcassets in Resources */,
				DD861CF720C657B7004C0B32 /* Main.storyboard in Resources */,
			);
			runOnlyForDeploymentPostprocessing = 0;
		};
		DD861D0020C657BF004C0B32 /* Resources */ = {
			isa = PBXResourcesBuildPhase;
			buildActionMask = 2147483647;
			files = (
			);
			runOnlyForDeploymentPostprocessing = 0;
		};
		DD861D0B20C657BF004C0B32 /* Resources */ = {
			isa = PBXResourcesBuildPhase;
			buildActionMask = 2147483647;
			files = (
			);
			runOnlyForDeploymentPostprocessing = 0;
		};
/* End PBXResourcesBuildPhase section */

/* Begin PBXSourcesBuildPhase section */
		DD861CEA20C657B7004C0B32 /* Sources */ = {
			isa = PBXSourcesBuildPhase;
			buildActionMask = 2147483647;
			files = (
				DD861D2020C6597A004C0B32 /* ItemsViewController.swift in Sources */,
				DD861D2220C65DC5004C0B32 /* Item.swift in Sources */,
				DD861D2420C66950004C0B32 /* ItemStore.swift in Sources */,
				DD861CF220C657B7004C0B32 /* AppDelegate.swift in Sources */,
				DDC8791D20CA505D00DB4826 /* ItemCell.swift in Sources */,
			);
			runOnlyForDeploymentPostprocessing = 0;
		};
		DD861CFE20C657BF004C0B32 /* Sources */ = {
			isa = PBXSourcesBuildPhase;
			buildActionMask = 2147483647;
			files = (
				DD861D0720C657BF004C0B32 /* HomepwnerTests.swift in Sources */,
			);
			runOnlyForDeploymentPostprocessing = 0;
		};
		DD861D0920C657BF004C0B32 /* Sources */ = {
			isa = PBXSourcesBuildPhase;
			buildActionMask = 2147483647;
			files = (
				DD861D1220C657BF004C0B32 /* HomepwnerUITests.swift in Sources */,
			);
			runOnlyForDeploymentPostprocessing = 0;
		};
/* End PBXSourcesBuildPhase section */

/* Begin PBXTargetDependency section */
		DD861D0420C657BF004C0B32 /* PBXTargetDependency */ = {
			isa = PBXTargetDependency;
			target = DD861CED20C657B7004C0B32 /* Homepwner */;
			targetProxy = DD861D0320C657BF004C0B32 /* PBXContainerItemProxy */;
		};
		DD861D0F20C657BF004C0B32 /* PBXTargetDependency */ = {
			isa = PBXTargetDependency;
			target = DD861CED20C657B7004C0B32 /* Homepwner */;
			targetProxy = DD861D0E20C657BF004C0B32 /* PBXContainerItemProxy */;
		};
/* End PBXTargetDependency section */

/* Begin PBXVariantGroup section */
		DD861CF520C657B7004C0B32 /* Main.storyboard */ = {
			isa = PBXVariantGroup;
			children = (
				DD861CF620C657B7004C0B32 /* Base */,
			);
			name = Main.storyboard;
			sourceTree = "<group>";
		};
		DD861CFA20C657BF004C0B32 /* LaunchScreen.storyboard */ = {
			isa = PBXVariantGroup;
			children = (
				DD861CFB20C657BF004C0B32 /* Base */,
			);
			name = LaunchScreen.storyboard;
			sourceTree = "<group>";
		};
/* End PBXVariantGroup section */

/* Begin XCBuildConfiguration section */
		DD861D1420C657BF004C0B32 /* Debug */ = {
			isa = XCBuildConfiguration;
			buildSettings = {
				ALWAYS_SEARCH_USER_PATHS = NO;
				CLANG_ANALYZER_NONNULL = YES;
				CLANG_ANALYZER_NUMBER_OBJECT_CONVERSION = YES_AGGRESSIVE;
				CLANG_CXX_LANGUAGE_STANDARD = "gnu++14";
				CLANG_CXX_LIBRARY = "libc++";
				CLANG_ENABLE_MODULES = YES;
				CLANG_ENABLE_OBJC_ARC = YES;
				CLANG_ENABLE_OBJC_WEAK = YES;
				CLANG_WARN_BLOCK_CAPTURE_AUTORELEASING = YES;
				CLANG_WARN_BOOL_CONVERSION = YES;
				CLANG_WARN_COMMA = YES;
				CLANG_WARN_CONSTANT_CONVERSION = YES;
				CLANG_WARN_DEPRECATED_OBJC_IMPLEMENTATIONS = YES;
				CLANG_WARN_DIRECT_OBJC_ISA_USAGE = YES_ERROR;
				CLANG_WARN_DOCUMENTATION_COMMENTS = YES;
				CLANG_WARN_EMPTY_BODY = YES;
				CLANG_WARN_ENUM_CONVERSION = YES;
				CLANG_WARN_INFINITE_RECURSION = YES;
				CLANG_WARN_INT_CONVERSION = YES;
				CLANG_WARN_NON_LITERAL_NULL_CONVERSION = YES;
				CLANG_WARN_OBJC_IMPLICIT_RETAIN_SELF = YES;
				CLANG_WARN_OBJC_LITERAL_CONVERSION = YES;
				CLANG_WARN_OBJC_ROOT_CLASS = YES_ERROR;
				CLANG_WARN_RANGE_LOOP_ANALYSIS = YES;
				CLANG_WARN_STRICT_PROTOTYPES = YES;
				CLANG_WARN_SUSPICIOUS_MOVE = YES;
				CLANG_WARN_UNGUARDED_AVAILABILITY = YES_AGGRESSIVE;
				CLANG_WARN_UNREACHABLE_CODE = YES;
				CLANG_WARN__DUPLICATE_METHOD_MATCH = YES;
				CODE_SIGN_IDENTITY = "iPhone Developer";
				COPY_PHASE_STRIP = NO;
				DEBUG_INFORMATION_FORMAT = dwarf;
				ENABLE_STRICT_OBJC_MSGSEND = YES;
				ENABLE_TESTABILITY = YES;
				GCC_C_LANGUAGE_STANDARD = gnu11;
				GCC_DYNAMIC_NO_PIC = NO;
				GCC_NO_COMMON_BLOCKS = YES;
				GCC_OPTIMIZATION_LEVEL = 0;
				GCC_PREPROCESSOR_DEFINITIONS = (
					"DEBUG=1",
					"$(inherited)",
				);
				GCC_WARN_64_TO_32_BIT_CONVERSION = YES;
				GCC_WARN_ABOUT_RETURN_TYPE = YES_ERROR;
				GCC_WARN_UNDECLARED_SELECTOR = YES;
				GCC_WARN_UNINITIALIZED_AUTOS = YES_AGGRESSIVE;
				GCC_WARN_UNUSED_FUNCTION = YES;
				GCC_WARN_UNUSED_VARIABLE = YES;
				IPHONEOS_DEPLOYMENT_TARGET = 11.4;
				MTL_ENABLE_DEBUG_INFO = YES;
				ONLY_ACTIVE_ARCH = YES;
				SDKROOT = iphoneos;
				SWIFT_ACTIVE_COMPILATION_CONDITIONS = DEBUG;
				SWIFT_OPTIMIZATION_LEVEL = "-Onone";
			};
			name = Debug;
		};
		DD861D1520C657BF004C0B32 /* Release */ = {
			isa = XCBuildConfiguration;
			buildSettings = {
				ALWAYS_SEARCH_USER_PATHS = NO;
				CLANG_ANALYZER_NONNULL = YES;
				CLANG_ANALYZER_NUMBER_OBJECT_CONVERSION = YES_AGGRESSIVE;
				CLANG_CXX_LANGUAGE_STANDARD = "gnu++14";
				CLANG_CXX_LIBRARY = "libc++";
				CLANG_ENABLE_MODULES = YES;
				CLANG_ENABLE_OBJC_ARC = YES;
				CLANG_ENABLE_OBJC_WEAK = YES;
				CLANG_WARN_BLOCK_CAPTURE_AUTORELEASING = YES;
				CLANG_WARN_BOOL_CONVERSION = YES;
				CLANG_WARN_COMMA = YES;
				CLANG_WARN_CONSTANT_CONVERSION = YES;
				CLANG_WARN_DEPRECATED_OBJC_IMPLEMENTATIONS = YES;
				CLANG_WARN_DIRECT_OBJC_ISA_USAGE = YES_ERROR;
				CLANG_WARN_DOCUMENTATION_COMMENTS = YES;
				CLANG_WARN_EMPTY_BODY = YES;
				CLANG_WARN_ENUM_CONVERSION = YES;
				CLANG_WARN_INFINITE_RECURSION = YES;
				CLANG_WARN_INT_CONVERSION = YES;
				CLANG_WARN_NON_LITERAL_NULL_CONVERSION = YES;
				CLANG_WARN_OBJC_IMPLICIT_RETAIN_SELF = YES;
				CLANG_WARN_OBJC_LITERAL_CONVERSION = YES;
				CLANG_WARN_OBJC_ROOT_CLASS = YES_ERROR;
				CLANG_WARN_RANGE_LOOP_ANALYSIS = YES;
				CLANG_WARN_STRICT_PROTOTYPES = YES;
				CLANG_WARN_SUSPICIOUS_MOVE = YES;
				CLANG_WARN_UNGUARDED_AVAILABILITY = YES_AGGRESSIVE;
				CLANG_WARN_UNREACHABLE_CODE = YES;
				CLANG_WARN__DUPLICATE_METHOD_MATCH = YES;
				CODE_SIGN_IDENTITY = "iPhone Developer";
				COPY_PHASE_STRIP = NO;
				DEBUG_INFORMATION_FORMAT = "dwarf-with-dsym";
				ENABLE_NS_ASSERTIONS = NO;
				ENABLE_STRICT_OBJC_MSGSEND = YES;
				GCC_C_LANGUAGE_STANDARD = gnu11;
				GCC_NO_COMMON_BLOCKS = YES;
				GCC_WARN_64_TO_32_BIT_CONVERSION = YES;
				GCC_WARN_ABOUT_RETURN_TYPE = YES_ERROR;
				GCC_WARN_UNDECLARED_SELECTOR = YES;
				GCC_WARN_UNINITIALIZED_AUTOS = YES_AGGRESSIVE;
				GCC_WARN_UNUSED_FUNCTION = YES;
				GCC_WARN_UNUSED_VARIABLE = YES;
				IPHONEOS_DEPLOYMENT_TARGET = 11.4;
				MTL_ENABLE_DEBUG_INFO = NO;
				SDKROOT = iphoneos;
				SWIFT_COMPILATION_MODE = wholemodule;
				SWIFT_OPTIMIZATION_LEVEL = "-O";
				VALIDATE_PRODUCT = YES;
			};
			name = Release;
		};
		DD861D1720C657BF004C0B32 /* Debug */ = {
			isa = XCBuildConfiguration;
			buildSettings = {
				ASSETCATALOG_COMPILER_APPICON_NAME = AppIcon;
				CODE_SIGN_STYLE = Automatic;
				DEVELOPMENT_TEAM = 28GWAF24BT;
				INFOPLIST_FILE = Homepwner/Info.plist;
				LD_RUNPATH_SEARCH_PATHS = (
					"$(inherited)",
					"@executable_path/Frameworks",
				);
				PRODUCT_BUNDLE_IDENTIFIER = com.JoseManuelProject.Homepwner;
				PRODUCT_NAME = "$(TARGET_NAME)";
				SWIFT_VERSION = 4.0;
				TARGETED_DEVICE_FAMILY = "1,2";
			};
			name = Debug;
		};
		DD861D1820C657BF004C0B32 /* Release */ = {
			isa = XCBuildConfiguration;
			buildSettings = {
				ASSETCATALOG_COMPILER_APPICON_NAME = AppIcon;
				CODE_SIGN_STYLE = Automatic;
				DEVELOPMENT_TEAM = 28GWAF24BT;
				INFOPLIST_FILE = Homepwner/Info.plist;
				LD_RUNPATH_SEARCH_PATHS = (
					"$(inherited)",
					"@executable_path/Frameworks",
				);
				PRODUCT_BUNDLE_IDENTIFIER = com.JoseManuelProject.Homepwner;
				PRODUCT_NAME = "$(TARGET_NAME)";
				SWIFT_VERSION = 4.0;
				TARGETED_DEVICE_FAMILY = "1,2";
			};
			name = Release;
		};
		DD861D1A20C657BF004C0B32 /* Debug */ = {
			isa = XCBuildConfiguration;
			buildSettings = {
				ALWAYS_EMBED_SWIFT_STANDARD_LIBRARIES = YES;
				BUNDLE_LOADER = "$(TEST_HOST)";
				CODE_SIGN_STYLE = Automatic;
				DEVELOPMENT_TEAM = 28GWAF24BT;
				INFOPLIST_FILE = HomepwnerTests/Info.plist;
				LD_RUNPATH_SEARCH_PATHS = (
					"$(inherited)",
					"@executable_path/Frameworks",
					"@loader_path/Frameworks",
				);
				PRODUCT_BUNDLE_IDENTIFIER = com.JoseManuelProject.HomepwnerTests;
				PRODUCT_NAME = "$(TARGET_NAME)";
				SWIFT_VERSION = 4.0;
				TARGETED_DEVICE_FAMILY = "1,2";
				TEST_HOST = "$(BUILT_PRODUCTS_DIR)/Homepwner.app/Homepwner";
			};
			name = Debug;
		};
		DD861D1B20C657BF004C0B32 /* Release */ = {
			isa = XCBuildConfiguration;
			buildSettings = {
				ALWAYS_EMBED_SWIFT_STANDARD_LIBRARIES = YES;
				BUNDLE_LOADER = "$(TEST_HOST)";
				CODE_SIGN_STYLE = Automatic;
				DEVELOPMENT_TEAM = 28GWAF24BT;
				INFOPLIST_FILE = HomepwnerTests/Info.plist;
				LD_RUNPATH_SEARCH_PATHS = (
					"$(inherited)",
					"@executable_path/Frameworks",
					"@loader_path/Frameworks",
				);
				PRODUCT_BUNDLE_IDENTIFIER = com.JoseManuelProject.HomepwnerTests;
				PRODUCT_NAME = "$(TARGET_NAME)";
				SWIFT_VERSION = 4.0;
				TARGETED_DEVICE_FAMILY = "1,2";
				TEST_HOST = "$(BUILT_PRODUCTS_DIR)/Homepwner.app/Homepwner";
			};
			name = Release;
		};
		DD861D1D20C657BF004C0B32 /* Debug */ = {
			isa = XCBuildConfiguration;
			buildSettings = {
				ALWAYS_EMBED_SWIFT_STANDARD_LIBRARIES = YES;
				CODE_SIGN_STYLE = Automatic;
				DEVELOPMENT_TEAM = 28GWAF24BT;
				INFOPLIST_FILE = HomepwnerUITests/Info.plist;
				LD_RUNPATH_SEARCH_PATHS = (
					"$(inherited)",
					"@executable_path/Frameworks",
					"@loader_path/Frameworks",
				);
				PRODUCT_BUNDLE_IDENTIFIER = com.JoseManuelProject.HomepwnerUITests;
				PRODUCT_NAME = "$(TARGET_NAME)";
				SWIFT_VERSION = 4.0;
				TARGETED_DEVICE_FAMILY = "1,2";
				TEST_TARGET_NAME = Homepwner;
			};
			name = Debug;
		};
		DD861D1E20C657BF004C0B32 /* Release */ = {
			isa = XCBuildConfiguration;
			buildSettings = {
				ALWAYS_EMBED_SWIFT_STANDARD_LIBRARIES = YES;
				CODE_SIGN_STYLE = Automatic;
				DEVELOPMENT_TEAM = 28GWAF24BT;
				INFOPLIST_FILE = HomepwnerUITests/Info.plist;
				LD_RUNPATH_SEARCH_PATHS = (
					"$(inherited)",
					"@executable_path/Frameworks",
					"@loader_path/Frameworks",
				);
				PRODUCT_BUNDLE_IDENTIFIER = com.JoseManuelProject.HomepwnerUITests;
				PRODUCT_NAME = "$(TARGET_NAME)";
				SWIFT_VERSION = 4.0;
				TARGETED_DEVICE_FAMILY = "1,2";
				TEST_TARGET_NAME = Homepwner;
			};
			name = Release;
		};
/* End XCBuildConfiguration section */

/* Begin XCConfigurationList section */
		DD861CE920C657B7004C0B32 /* Build configuration list for PBXProject "Homepwner" */ = {
			isa = XCConfigurationList;
			buildConfigurations = (
				DD861D1420C657BF004C0B32 /* Debug */,
				DD861D1520C657BF004C0B32 /* Release */,
			);
			defaultConfigurationIsVisible = 0;
			defaultConfigurationName = Release;
		};
		DD861D1620C657BF004C0B32 /* Build configuration list for PBXNativeTarget "Homepwner" */ = {
			isa = XCConfigurationList;
			buildConfigurations = (
				DD861D1720C657BF004C0B32 /* Debug */,
				DD861D1820C657BF004C0B32 /* Release */,
			);
			defaultConfigurationIsVisible = 0;
			defaultConfigurationName = Release;
		};
		DD861D1920C657BF004C0B32 /* Build configuration list for PBXNativeTarget "HomepwnerTests" */ = {
			isa = XCConfigurationList;
			buildConfigurations = (
				DD861D1A20C657BF004C0B32 /* Debug */,
				DD861D1B20C657BF004C0B32 /* Release */,
			);
			defaultConfigurationIsVisible = 0;
			defaultConfigurationName = Release;
		};
		DD861D1C20C657BF004C0B32 /* Build configuration list for PBXNativeTarget "HomepwnerUITests" */ = {
			isa = XCConfigurationList;
			buildConfigurations = (
				DD861D1D20C657BF004C0B32 /* Debug */,
				DD861D1E20C657BF004C0B32 /* Release */,
			);
			defaultConfigurationIsVisible = 0;
			defaultConfigurationName = Release;
		};
/* End XCConfigurationList section */
	};
	rootObject = DD861CE620C657B7004C0B32 /* Project object */;
}
