// !$*UTF8*$!
{
	archiveVersion = 1;
	classes = {
	};
	objectVersion = 50;
	objects = {

/* Begin PBXBuildFile section */
		DDEBBD012080A97B0089AE74 /* AppDelegate.swift in Sources */ = {isa = PBXBuildFile; fileRef = DDEBBD002080A97B0089AE74 /* AppDelegate.swift */; };
		DDEBBD032080A97B0089AE74 /* ViewController.swift in Sources */ = {isa = PBXBuildFile; fileRef = DDEBBD022080A97B0089AE74 /* ViewController.swift */; };
		DDEBBD062080A97B0089AE74 /* Main.storyboard in Resources */ = {isa = PBXBuildFile; fileRef = DDEBBD042080A97B0089AE74 /* Main.storyboard */; };
		DDEBBD082080A9800089AE74 /* Assets.xcassets in Resources */ = {isa = PBXBuildFile; fileRef = DDEBBD072080A9800089AE74 /* Assets.xcassets */; };
		DDEBBD0B2080A9800089AE74 /* LaunchScreen.storyboard in Resources */ = {isa = PBXBuildFile; fileRef = DDEBBD092080A9800089AE74 /* LaunchScreen.storyboard */; };
		DDEBBD162080A9800089AE74 /* WeatherTests.swift in Sources */ = {isa = PBXBuildFile; fileRef = DDEBBD152080A9800089AE74 /* WeatherTests.swift */; };
		DDEBBD212080A9800089AE74 /* WeatherUITests.swift in Sources */ = {isa = PBXBuildFile; fileRef = DDEBBD202080A9800089AE74 /* WeatherUITests.swift */; };
/* End PBXBuildFile section */

/* Begin PBXContainerItemProxy section */
		DDEBBD122080A9800089AE74 /* PBXContainerItemProxy */ = {
			isa = PBXContainerItemProxy;
			containerPortal = DDEBBCF52080A97B0089AE74 /* Project object */;
			proxyType = 1;
			remoteGlobalIDString = DDEBBCFC2080A97B0089AE74;
			remoteInfo = Weather;
		};
		DDEBBD1D2080A9800089AE74 /* PBXContainerItemProxy */ = {
			isa = PBXContainerItemProxy;
			containerPortal = DDEBBCF52080A97B0089AE74 /* Project object */;
			proxyType = 1;
			remoteGlobalIDString = DDEBBCFC2080A97B0089AE74;
			remoteInfo = Weather;
		};
/* End PBXContainerItemProxy section */

/* Begin PBXFileReference section */
		DDEBBCFD2080A97B0089AE74 /* Weather.app */ = {isa = PBXFileReference; explicitFileType = wrapper.application; includeInIndex = 0; path = Weather.app; sourceTree = BUILT_PRODUCTS_DIR; };
		DDEBBD002080A97B0089AE74 /* AppDelegate.swift */ = {isa = PBXFileReference; lastKnownFileType = sourcecode.swift; path = AppDelegate.swift; sourceTree = "<group>"; };
		DDEBBD022080A97B0089AE74 /* ViewController.swift */ = {isa = PBXFileReference; lastKnownFileType = sourcecode.swift; path = ViewController.swift; sourceTree = "<group>"; };
		DDEBBD052080A97B0089AE74 /* Base */ = {isa = PBXFileReference; lastKnownFileType = file.storyboard; name = Base; path = Base.lproj/Main.storyboard; sourceTree = "<group>"; };
		DDEBBD072080A9800089AE74 /* Assets.xcassets */ = {isa = PBXFileReference; lastKnownFileType = folder.assetcatalog; path = Assets.xcassets; sourceTree = "<group>"; };
		DDEBBD0A2080A9800089AE74 /* Base */ = {isa = PBXFileReference; lastKnownFileType = file.storyboard; name = Base; path = Base.lproj/LaunchScreen.storyboard; sourceTree = "<group>"; };
		DDEBBD0C2080A9800089AE74 /* Info.plist */ = {isa = PBXFileReference; lastKnownFileType = text.plist.xml; path = Info.plist; sourceTree = "<group>"; };
		DDEBBD112080A9800089AE74 /* WeatherTests.xctest */ = {isa = PBXFileReference; explicitFileType = wrapper.cfbundle; includeInIndex = 0; path = WeatherTests.xctest; sourceTree = BUILT_PRODUCTS_DIR; };
		DDEBBD152080A9800089AE74 /* WeatherTests.swift */ = {isa = PBXFileReference; lastKnownFileType = sourcecode.swift; path = WeatherTests.swift; sourceTree = "<group>"; };
		DDEBBD172080A9800089AE74 /* Info.plist */ = {isa = PBXFileReference; lastKnownFileType = text.plist.xml; path = Info.plist; sourceTree = "<group>"; };
		DDEBBD1C2080A9800089AE74 /* WeatherUITests.xctest */ = {isa = PBXFileReference; explicitFileType = wrapper.cfbundle; includeInIndex = 0; path = WeatherUITests.xctest; sourceTree = BUILT_PRODUCTS_DIR; };
		DDEBBD202080A9800089AE74 /* WeatherUITests.swift */ = {isa = PBXFileReference; lastKnownFileType = sourcecode.swift; path = WeatherUITests.swift; sourceTree = "<group>"; };
		DDEBBD222080A9800089AE74 /* Info.plist */ = {isa = PBXFileReference; lastKnownFileType = text.plist.xml; path = Info.plist; sourceTree = "<group>"; };
/* End PBXFileReference section */

/* Begin PBXFrameworksBuildPhase section */
		DDEBBCFA2080A97B0089AE74 /* Frameworks */ = {
			isa = PBXFrameworksBuildPhase;
			buildActionMask = 2147483647;
			files = (
			);
			runOnlyForDeploymentPostprocessing = 0;
		};
		DDEBBD0E2080A9800089AE74 /* Frameworks */ = {
			isa = PBXFrameworksBuildPhase;
			buildActionMask = 2147483647;
			files = (
			);
			runOnlyForDeploymentPostprocessing = 0;
		};
		DDEBBD192080A9800089AE74 /* Frameworks */ = {
			isa = PBXFrameworksBuildPhase;
			buildActionMask = 2147483647;
			files = (
			);
			runOnlyForDeploymentPostprocessing = 0;
		};
/* End PBXFrameworksBuildPhase section */

/* Begin PBXGroup section */
		DDEBBCF42080A97B0089AE74 = {
			isa = PBXGroup;
			children = (
				DDEBBCFF2080A97B0089AE74 /* Weather */,
				DDEBBD142080A9800089AE74 /* WeatherTests */,
				DDEBBD1F2080A9800089AE74 /* WeatherUITests */,
				DDEBBCFE2080A97B0089AE74 /* Products */,
			);
			sourceTree = "<group>";
		};
		DDEBBCFE2080A97B0089AE74 /* Products */ = {
			isa = PBXGroup;
			children = (
				DDEBBCFD2080A97B0089AE74 /* Weather.app */,
				DDEBBD112080A9800089AE74 /* WeatherTests.xctest */,
				DDEBBD1C2080A9800089AE74 /* WeatherUITests.xctest */,
			);
			name = Products;
			sourceTree = "<group>";
		};
		DDEBBCFF2080A97B0089AE74 /* Weather */ = {
			isa = PBXGroup;
			children = (
				DDEBBD002080A97B0089AE74 /* AppDelegate.swift */,
				DDEBBD022080A97B0089AE74 /* ViewController.swift */,
				DDEBBD042080A97B0089AE74 /* Main.storyboard */,
				DDEBBD072080A9800089AE74 /* Assets.xcassets */,
				DDEBBD092080A9800089AE74 /* LaunchScreen.storyboard */,
				DDEBBD0C2080A9800089AE74 /* Info.plist */,
			);
			path = Weather;
			sourceTree = "<group>";
		};
		DDEBBD142080A9800089AE74 /* WeatherTests */ = {
			isa = PBXGroup;
			children = (
				DDEBBD152080A9800089AE74 /* WeatherTests.swift */,
				DDEBBD172080A9800089AE74 /* Info.plist */,
			);
			path = WeatherTests;
			sourceTree = "<group>";
		};
		DDEBBD1F2080A9800089AE74 /* WeatherUITests */ = {
			isa = PBXGroup;
			children = (
				DDEBBD202080A9800089AE74 /* WeatherUITests.swift */,
				DDEBBD222080A9800089AE74 /* Info.plist */,
			);
			path = WeatherUITests;
			sourceTree = "<group>";
		};
/* End PBXGroup section */

/* Begin PBXNativeTarget section */
		DDEBBCFC2080A97B0089AE74 /* Weather */ = {
			isa = PBXNativeTarget;
			buildConfigurationList = DDEBBD252080A9800089AE74 /* Build configuration list for PBXNativeTarget "Weather" */;
			buildPhases = (
				DDEBBCF92080A97B0089AE74 /* Sources */,
				DDEBBCFA2080A97B0089AE74 /* Frameworks */,
				DDEBBCFB2080A97B0089AE74 /* Resources */,
			);
			buildRules = (
			);
			dependencies = (
			);
			name = Weather;
			productName = Weather;
			productReference = DDEBBCFD2080A97B0089AE74 /* Weather.app */;
			productType = "com.apple.product-type.application";
		};
		DDEBBD102080A9800089AE74 /* WeatherTests */ = {
			isa = PBXNativeTarget;
			buildConfigurationList = DDEBBD282080A9800089AE74 /* Build configuration list for PBXNativeTarget "WeatherTests" */;
			buildPhases = (
				DDEBBD0D2080A9800089AE74 /* Sources */,
				DDEBBD0E2080A9800089AE74 /* Frameworks */,
				DDEBBD0F2080A9800089AE74 /* Resources */,
			);
			buildRules = (
			);
			dependencies = (
				DDEBBD132080A9800089AE74 /* PBXTargetDependency */,
			);
			name = WeatherTests;
			productName = WeatherTests;
			productReference = DDEBBD112080A9800089AE74 /* WeatherTests.xctest */;
			productType = "com.apple.product-type.bundle.unit-test";
		};
		DDEBBD1B2080A9800089AE74 /* WeatherUITests */ = {
			isa = PBXNativeTarget;
			buildConfigurationList = DDEBBD2B2080A9800089AE74 /* Build configuration list for PBXNativeTarget "WeatherUITests" */;
			buildPhases = (
				DDEBBD182080A9800089AE74 /* Sources */,
				DDEBBD192080A9800089AE74 /* Frameworks */,
				DDEBBD1A2080A9800089AE74 /* Resources */,
			);
			buildRules = (
			);
			dependencies = (
				DDEBBD1E2080A9800089AE74 /* PBXTargetDependency */,
			);
			name = WeatherUITests;
			productName = WeatherUITests;
			productReference = DDEBBD1C2080A9800089AE74 /* WeatherUITests.xctest */;
			productType = "com.apple.product-type.bundle.ui-testing";
		};
/* End PBXNativeTarget section */

/* Begin PBXProject section */
		DDEBBCF52080A97B0089AE74 /* Project object */ = {
			isa = PBXProject;
			attributes = {
				LastSwiftUpdateCheck = 0930;
				LastUpgradeCheck = 0930;
				ORGANIZATIONNAME = "Jose Manuel García Chávez";
				TargetAttributes = {
					DDEBBCFC2080A97B0089AE74 = {
						CreatedOnToolsVersion = 9.3;
					};
					DDEBBD102080A9800089AE74 = {
						CreatedOnToolsVersion = 9.3;
						TestTargetID = DDEBBCFC2080A97B0089AE74;
					};
					DDEBBD1B2080A9800089AE74 = {
						CreatedOnToolsVersion = 9.3;
						TestTargetID = DDEBBCFC2080A97B0089AE74;
					};
				};
			};
			buildConfigurationList = DDEBBCF82080A97B0089AE74 /* Build configuration list for PBXProject "Weather" */;
			compatibilityVersion = "Xcode 9.3";
			developmentRegion = en;
			hasScannedForEncodings = 0;
			knownRegions = (
				en,
				Base,
			);
			mainGroup = DDEBBCF42080A97B0089AE74;
			productRefGroup = DDEBBCFE2080A97B0089AE74 /* Products */;
			projectDirPath = "";
			projectRoot = "";
			targets = (
				DDEBBCFC2080A97B0089AE74 /* Weather */,
				DDEBBD102080A9800089AE74 /* WeatherTests */,
				DDEBBD1B2080A9800089AE74 /* WeatherUITests */,
			);
		};
/* End PBXProject section */

/* Begin PBXResourcesBuildPhase section */
		DDEBBCFB2080A97B0089AE74 /* Resources */ = {
			isa = PBXResourcesBuildPhase;
			buildActionMask = 2147483647;
			files = (
				DDEBBD0B2080A9800089AE74 /* LaunchScreen.storyboard in Resources */,
				DDEBBD082080A9800089AE74 /* Assets.xcassets in Resources */,
				DDEBBD062080A97B0089AE74 /* Main.storyboard in Resources */,
			);
			runOnlyForDeploymentPostprocessing = 0;
		};
		DDEBBD0F2080A9800089AE74 /* Resources */ = {
			isa = PBXResourcesBuildPhase;
			buildActionMask = 2147483647;
			files = (
			);
			runOnlyForDeploymentPostprocessing = 0;
		};
		DDEBBD1A2080A9800089AE74 /* Resources */ = {
			isa = PBXResourcesBuildPhase;
			buildActionMask = 2147483647;
			files = (
			);
			runOnlyForDeploymentPostprocessing = 0;
		};
/* End PBXResourcesBuildPhase section */

/* Begin PBXSourcesBuildPhase section */
		DDEBBCF92080A97B0089AE74 /* Sources */ = {
			isa = PBXSourcesBuildPhase;
			buildActionMask = 2147483647;
			files = (
				DDEBBD032080A97B0089AE74 /* ViewController.swift in Sources */,
				DDEBBD012080A97B0089AE74 /* AppDelegate.swift in Sources */,
			);
			runOnlyForDeploymentPostprocessing = 0;
		};
		DDEBBD0D2080A9800089AE74 /* Sources */ = {
			isa = PBXSourcesBuildPhase;
			buildActionMask = 2147483647;
			files = (
				DDEBBD162080A9800089AE74 /* WeatherTests.swift in Sources */,
			);
			runOnlyForDeploymentPostprocessing = 0;
		};
		DDEBBD182080A9800089AE74 /* Sources */ = {
			isa = PBXSourcesBuildPhase;
			buildActionMask = 2147483647;
			files = (
				DDEBBD212080A9800089AE74 /* WeatherUITests.swift in Sources */,
			);
			runOnlyForDeploymentPostprocessing = 0;
		};
/* End PBXSourcesBuildPhase section */

/* Begin PBXTargetDependency section */
		DDEBBD132080A9800089AE74 /* PBXTargetDependency */ = {
			isa = PBXTargetDependency;
			target = DDEBBCFC2080A97B0089AE74 /* Weather */;
			targetProxy = DDEBBD122080A9800089AE74 /* PBXContainerItemProxy */;
		};
		DDEBBD1E2080A9800089AE74 /* PBXTargetDependency */ = {
			isa = PBXTargetDependency;
			target = DDEBBCFC2080A97B0089AE74 /* Weather */;
			targetProxy = DDEBBD1D2080A9800089AE74 /* PBXContainerItemProxy */;
		};
/* End PBXTargetDependency section */

/* Begin PBXVariantGroup section */
		DDEBBD042080A97B0089AE74 /* Main.storyboard */ = {
			isa = PBXVariantGroup;
			children = (
				DDEBBD052080A97B0089AE74 /* Base */,
			);
			name = Main.storyboard;
			sourceTree = "<group>";
		};
		DDEBBD092080A9800089AE74 /* LaunchScreen.storyboard */ = {
			isa = PBXVariantGroup;
			children = (
				DDEBBD0A2080A9800089AE74 /* Base */,
			);
			name = LaunchScreen.storyboard;
			sourceTree = "<group>";
		};
/* End PBXVariantGroup section */

/* Begin XCBuildConfiguration section */
		DDEBBD232080A9800089AE74 /* Debug */ = {
			isa = XCBuildConfiguration;
			buildSettings = {
				ALWAYS_SEARCH_USER_PATHS = NO;
				CLANG_ANALYZER_NONNULL = YES;
				CLANG_ANALYZER_NUMBER_OBJECT_CONVERSION = YES_AGGRESSIVE;
				CLANG_CXX_LANGUAGE_STANDARD = "gnu++14";
				CLANG_CXX_LIBRARY = "libc++";
				CLANG_ENABLE_MODULES = YES;
				CLANG_ENABLE_OBJC_ARC = YES;
				CLANG_ENABLE_OBJC_WEAK = YES;
				CLANG_WARN_BLOCK_CAPTURE_AUTORELEASING = YES;
				CLANG_WARN_BOOL_CONVERSION = YES;
				CLANG_WARN_COMMA = YES;
				CLANG_WARN_CONSTANT_CONVERSION = YES;
				CLANG_WARN_DEPRECATED_OBJC_IMPLEMENTATIONS = YES;
				CLANG_WARN_DIRECT_OBJC_ISA_USAGE = YES_ERROR;
				CLANG_WARN_DOCUMENTATION_COMMENTS = YES;
				CLANG_WARN_EMPTY_BODY = YES;
				CLANG_WARN_ENUM_CONVERSION = YES;
				CLANG_WARN_INFINITE_RECURSION = YES;
				CLANG_WARN_INT_CONVERSION = YES;
				CLANG_WARN_NON_LITERAL_NULL_CONVERSION = YES;
				CLANG_WARN_OBJC_IMPLICIT_RETAIN_SELF = YES;
				CLANG_WARN_OBJC_LITERAL_CONVERSION = YES;
				CLANG_WARN_OBJC_ROOT_CLASS = YES_ERROR;
				CLANG_WARN_RANGE_LOOP_ANALYSIS = YES;
				CLANG_WARN_STRICT_PROTOTYPES = YES;
				CLANG_WARN_SUSPICIOUS_MOVE = YES;
				CLANG_WARN_UNGUARDED_AVAILABILITY = YES_AGGRESSIVE;
				CLANG_WARN_UNREACHABLE_CODE = YES;
				CLANG_WARN__DUPLICATE_METHOD_MATCH = YES;
				CODE_SIGN_IDENTITY = "iPhone Developer";
				COPY_PHASE_STRIP = NO;
				DEBUG_INFORMATION_FORMAT = dwarf;
				ENABLE_STRICT_OBJC_MSGSEND = YES;
				ENABLE_TESTABILITY = YES;
				GCC_C_LANGUAGE_STANDARD = gnu11;
				GCC_DYNAMIC_NO_PIC = NO;
				GCC_NO_COMMON_BLOCKS = YES;
				GCC_OPTIMIZATION_LEVEL = 0;
				GCC_PREPROCESSOR_DEFINITIONS = (
					"DEBUG=1",
					"$(inherited)",
				);
				GCC_WARN_64_TO_32_BIT_CONVERSION = YES;
				GCC_WARN_ABOUT_RETURN_TYPE = YES_ERROR;
				GCC_WARN_UNDECLARED_SELECTOR = YES;
				GCC_WARN_UNINITIALIZED_AUTOS = YES_AGGRESSIVE;
				GCC_WARN_UNUSED_FUNCTION = YES;
				GCC_WARN_UNUSED_VARIABLE = YES;
				IPHONEOS_DEPLOYMENT_TARGET = 11.3;
				MTL_ENABLE_DEBUG_INFO = YES;
				ONLY_ACTIVE_ARCH = YES;
				SDKROOT = iphoneos;
				SWIFT_ACTIVE_COMPILATION_CONDITIONS = DEBUG;
				SWIFT_OPTIMIZATION_LEVEL = "-Onone";
			};
			name = Debug;
		};
		DDEBBD242080A9800089AE74 /* Release */ = {
			isa = XCBuildConfiguration;
			buildSettings = {
				ALWAYS_SEARCH_USER_PATHS = NO;
				CLANG_ANALYZER_NONNULL = YES;
				CLANG_ANALYZER_NUMBER_OBJECT_CONVERSION = YES_AGGRESSIVE;
				CLANG_CXX_LANGUAGE_STANDARD = "gnu++14";
				CLANG_CXX_LIBRARY = "libc++";
				CLANG_ENABLE_MODULES = YES;
				CLANG_ENABLE_OBJC_ARC = YES;
				CLANG_ENABLE_OBJC_WEAK = YES;
				CLANG_WARN_BLOCK_CAPTURE_AUTORELEASING = YES;
				CLANG_WARN_BOOL_CONVERSION = YES;
				CLANG_WARN_COMMA = YES;
				CLANG_WARN_CONSTANT_CONVERSION = YES;
				CLANG_WARN_DEPRECATED_OBJC_IMPLEMENTATIONS = YES;
				CLANG_WARN_DIRECT_OBJC_ISA_USAGE = YES_ERROR;
				CLANG_WARN_DOCUMENTATION_COMMENTS = YES;
				CLANG_WARN_EMPTY_BODY = YES;
				CLANG_WARN_ENUM_CONVERSION = YES;
				CLANG_WARN_INFINITE_RECURSION = YES;
				CLANG_WARN_INT_CONVERSION = YES;
				CLANG_WARN_NON_LITERAL_NULL_CONVERSION = YES;
				CLANG_WARN_OBJC_IMPLICIT_RETAIN_SELF = YES;
				CLANG_WARN_OBJC_LITERAL_CONVERSION = YES;
				CLANG_WARN_OBJC_ROOT_CLASS = YES_ERROR;
				CLANG_WARN_RANGE_LOOP_ANALYSIS = YES;
				CLANG_WARN_STRICT_PROTOTYPES = YES;
				CLANG_WARN_SUSPICIOUS_MOVE = YES;
				CLANG_WARN_UNGUARDED_AVAILABILITY = YES_AGGRESSIVE;
				CLANG_WARN_UNREACHABLE_CODE = YES;
				CLANG_WARN__DUPLICATE_METHOD_MATCH = YES;
				CODE_SIGN_IDENTITY = "iPhone Developer";
				COPY_PHASE_STRIP = NO;
				DEBUG_INFORMATION_FORMAT = "dwarf-with-dsym";
				ENABLE_NS_ASSERTIONS = NO;
				ENABLE_STRICT_OBJC_MSGSEND = YES;
				GCC_C_LANGUAGE_STANDARD = gnu11;
				GCC_NO_COMMON_BLOCKS = YES;
				GCC_WARN_64_TO_32_BIT_CONVERSION = YES;
				GCC_WARN_ABOUT_RETURN_TYPE = YES_ERROR;
				GCC_WARN_UNDECLARED_SELECTOR = YES;
				GCC_WARN_UNINITIALIZED_AUTOS = YES_AGGRESSIVE;
				GCC_WARN_UNUSED_FUNCTION = YES;
				GCC_WARN_UNUSED_VARIABLE = YES;
				IPHONEOS_DEPLOYMENT_TARGET = 11.3;
				MTL_ENABLE_DEBUG_INFO = NO;
				SDKROOT = iphoneos;
				SWIFT_COMPILATION_MODE = wholemodule;
				SWIFT_OPTIMIZATION_LEVEL = "-O";
				VALIDATE_PRODUCT = YES;
			};
			name = Release;
		};
		DDEBBD262080A9800089AE74 /* Debug */ = {
			isa = XCBuildConfiguration;
			buildSettings = {
				ASSETCATALOG_COMPILER_APPICON_NAME = AppIcon;
				CODE_SIGN_STYLE = Automatic;
				DEVELOPMENT_TEAM = 28GWAF24BT;
				INFOPLIST_FILE = Weather/Info.plist;
				LD_RUNPATH_SEARCH_PATHS = (
					"$(inherited)",
					"@executable_path/Frameworks",
				);
				PRODUCT_BUNDLE_IDENTIFIER = com.JoseManuelProject.Weather;
				PRODUCT_NAME = "$(TARGET_NAME)";
				SWIFT_VERSION = 4.0;
				TARGETED_DEVICE_FAMILY = "1,2";
			};
			name = Debug;
		};
		DDEBBD272080A9800089AE74 /* Release */ = {
			isa = XCBuildConfiguration;
			buildSettings = {
				ASSETCATALOG_COMPILER_APPICON_NAME = AppIcon;
				CODE_SIGN_STYLE = Automatic;
				DEVELOPMENT_TEAM = 28GWAF24BT;
				INFOPLIST_FILE = Weather/Info.plist;
				LD_RUNPATH_SEARCH_PATHS = (
					"$(inherited)",
					"@executable_path/Frameworks",
				);
				PRODUCT_BUNDLE_IDENTIFIER = com.JoseManuelProject.Weather;
				PRODUCT_NAME = "$(TARGET_NAME)";
				SWIFT_VERSION = 4.0;
				TARGETED_DEVICE_FAMILY = "1,2";
			};
			name = Release;
		};
		DDEBBD292080A9800089AE74 /* Debug */ = {
			isa = XCBuildConfiguration;
			buildSettings = {
				ALWAYS_EMBED_SWIFT_STANDARD_LIBRARIES = YES;
				BUNDLE_LOADER = "$(TEST_HOST)";
				CODE_SIGN_STYLE = Automatic;
				DEVELOPMENT_TEAM = 28GWAF24BT;
				INFOPLIST_FILE = WeatherTests/Info.plist;
				LD_RUNPATH_SEARCH_PATHS = (
					"$(inherited)",
					"@executable_path/Frameworks",
					"@loader_path/Frameworks",
				);
				PRODUCT_BUNDLE_IDENTIFIER = com.JoseManuelProject.WeatherTests;
				PRODUCT_NAME = "$(TARGET_NAME)";
				SWIFT_VERSION = 4.0;
				TARGETED_DEVICE_FAMILY = "1,2";
				TEST_HOST = "$(BUILT_PRODUCTS_DIR)/Weather.app/Weather";
			};
			name = Debug;
		};
		DDEBBD2A2080A9800089AE74 /* Release */ = {
			isa = XCBuildConfiguration;
			buildSettings = {
				ALWAYS_EMBED_SWIFT_STANDARD_LIBRARIES = YES;
				BUNDLE_LOADER = "$(TEST_HOST)";
				CODE_SIGN_STYLE = Automatic;
				DEVELOPMENT_TEAM = 28GWAF24BT;
				INFOPLIST_FILE = WeatherTests/Info.plist;
				LD_RUNPATH_SEARCH_PATHS = (
					"$(inherited)",
					"@executable_path/Frameworks",
					"@loader_path/Frameworks",
				);
				PRODUCT_BUNDLE_IDENTIFIER = com.JoseManuelProject.WeatherTests;
				PRODUCT_NAME = "$(TARGET_NAME)";
				SWIFT_VERSION = 4.0;
				TARGETED_DEVICE_FAMILY = "1,2";
				TEST_HOST = "$(BUILT_PRODUCTS_DIR)/Weather.app/Weather";
			};
			name = Release;
		};
		DDEBBD2C2080A9800089AE74 /* Debug */ = {
			isa = XCBuildConfiguration;
			buildSettings = {
				ALWAYS_EMBED_SWIFT_STANDARD_LIBRARIES = YES;
				CODE_SIGN_STYLE = Automatic;
				DEVELOPMENT_TEAM = 28GWAF24BT;
				INFOPLIST_FILE = WeatherUITests/Info.plist;
				LD_RUNPATH_SEARCH_PATHS = (
					"$(inherited)",
					"@executable_path/Frameworks",
					"@loader_path/Frameworks",
				);
				PRODUCT_BUNDLE_IDENTIFIER = com.JoseManuelProject.WeatherUITests;
				PRODUCT_NAME = "$(TARGET_NAME)";
				SWIFT_VERSION = 4.0;
				TARGETED_DEVICE_FAMILY = "1,2";
				TEST_TARGET_NAME = Weather;
			};
			name = Debug;
		};
		DDEBBD2D2080A9800089AE74 /* Release */ = {
			isa = XCBuildConfiguration;
			buildSettings = {
				ALWAYS_EMBED_SWIFT_STANDARD_LIBRARIES = YES;
				CODE_SIGN_STYLE = Automatic;
				DEVELOPMENT_TEAM = 28GWAF24BT;
				INFOPLIST_FILE = WeatherUITests/Info.plist;
				LD_RUNPATH_SEARCH_PATHS = (
					"$(inherited)",
					"@executable_path/Frameworks",
					"@loader_path/Frameworks",
				);
				PRODUCT_BUNDLE_IDENTIFIER = com.JoseManuelProject.WeatherUITests;
				PRODUCT_NAME = "$(TARGET_NAME)";
				SWIFT_VERSION = 4.0;
				TARGETED_DEVICE_FAMILY = "1,2";
				TEST_TARGET_NAME = Weather;
			};
			name = Release;
		};
/* End XCBuildConfiguration section */

/* Begin XCConfigurationList section */
		DDEBBCF82080A97B0089AE74 /* Build configuration list for PBXProject "Weather" */ = {
			isa = XCConfigurationList;
			buildConfigurations = (
				DDEBBD232080A9800089AE74 /* Debug */,
				DDEBBD242080A9800089AE74 /* Release */,
			);
			defaultConfigurationIsVisible = 0;
			defaultConfigurationName = Release;
		};
		DDEBBD252080A9800089AE74 /* Build configuration list for PBXNativeTarget "Weather" */ = {
			isa = XCConfigurationList;
			buildConfigurations = (
				DDEBBD262080A9800089AE74 /* Debug */,
				DDEBBD272080A9800089AE74 /* Release */,
			);
			defaultConfigurationIsVisible = 0;
			defaultConfigurationName = Release;
		};
		DDEBBD282080A9800089AE74 /* Build configuration list for PBXNativeTarget "WeatherTests" */ = {
			isa = XCConfigurationList;
			buildConfigurations = (
				DDEBBD292080A9800089AE74 /* Debug */,
				DDEBBD2A2080A9800089AE74 /* Release */,
			);
			defaultConfigurationIsVisible = 0;
			defaultConfigurationName = Release;
		};
		DDEBBD2B2080A9800089AE74 /* Build configuration list for PBXNativeTarget "WeatherUITests" */ = {
			isa = XCConfigurationList;
			buildConfigurations = (
				DDEBBD2C2080A9800089AE74 /* Debug */,
				DDEBBD2D2080A9800089AE74 /* Release */,
			);
			defaultConfigurationIsVisible = 0;
			defaultConfigurationName = Release;
		};
/* End XCConfigurationList section */
	};
	rootObject = DDEBBCF52080A97B0089AE74 /* Project object */;
}
