// !$*UTF8*$!
{
	archiveVersion = 1;
	classes = {
	};
	objectVersion = 48;
	objects = {

/* Begin PBXBuildFile section */
		DDE0A8C8203FE4EA0088478F /* AppDelegate.swift in Sources */ = {isa = PBXBuildFile; fileRef = DDE0A8C7203FE4EA0088478F /* AppDelegate.swift */; };
		DDE0A8CA203FE4EA0088478F /* ViewController.swift in Sources */ = {isa = PBXBuildFile; fileRef = DDE0A8C9203FE4EA0088478F /* ViewController.swift */; };
		DDE0A8CD203FE4EA0088478F /* Main.storyboard in Resources */ = {isa = PBXBuildFile; fileRef = DDE0A8CB203FE4EA0088478F /* Main.storyboard */; };
		DDE0A8CF203FE4EA0088478F /* Assets.xcassets in Resources */ = {isa = PBXBuildFile; fileRef = DDE0A8CE203FE4EA0088478F /* Assets.xcassets */; };
		DDE0A8D2203FE4EA0088478F /* LaunchScreen.storyboard in Resources */ = {isa = PBXBuildFile; fileRef = DDE0A8D0203FE4EA0088478F /* LaunchScreen.storyboard */; };
		DDE0A8DD203FE4EB0088478F /* QuizTests.swift in Sources */ = {isa = PBXBuildFile; fileRef = DDE0A8DC203FE4EB0088478F /* QuizTests.swift */; };
		DDE0A8E8203FE4EB0088478F /* QuizUITests.swift in Sources */ = {isa = PBXBuildFile; fileRef = DDE0A8E7203FE4EB0088478F /* QuizUITests.swift */; };
/* End PBXBuildFile section */

/* Begin PBXContainerItemProxy section */
		DDE0A8D9203FE4EB0088478F /* PBXContainerItemProxy */ = {
			isa = PBXContainerItemProxy;
			containerPortal = DDE0A8BC203FE4EA0088478F /* Project object */;
			proxyType = 1;
			remoteGlobalIDString = DDE0A8C3203FE4EA0088478F;
			remoteInfo = Quiz;
		};
		DDE0A8E4203FE4EB0088478F /* PBXContainerItemProxy */ = {
			isa = PBXContainerItemProxy;
			containerPortal = DDE0A8BC203FE4EA0088478F /* Project object */;
			proxyType = 1;
			remoteGlobalIDString = DDE0A8C3203FE4EA0088478F;
			remoteInfo = Quiz;
		};
/* End PBXContainerItemProxy section */

/* Begin PBXFileReference section */
		DDE0A8C4203FE4EA0088478F /* Quiz.app */ = {isa = PBXFileReference; explicitFileType = wrapper.application; includeInIndex = 0; path = Quiz.app; sourceTree = BUILT_PRODUCTS_DIR; };
		DDE0A8C7203FE4EA0088478F /* AppDelegate.swift */ = {isa = PBXFileReference; lastKnownFileType = sourcecode.swift; path = AppDelegate.swift; sourceTree = "<group>"; };
		DDE0A8C9203FE4EA0088478F /* ViewController.swift */ = {isa = PBXFileReference; lastKnownFileType = sourcecode.swift; path = ViewController.swift; sourceTree = "<group>"; };
		DDE0A8CC203FE4EA0088478F /* Base */ = {isa = PBXFileReference; lastKnownFileType = file.storyboard; name = Base; path = Base.lproj/Main.storyboard; sourceTree = "<group>"; };
		DDE0A8CE203FE4EA0088478F /* Assets.xcassets */ = {isa = PBXFileReference; lastKnownFileType = folder.assetcatalog; path = Assets.xcassets; sourceTree = "<group>"; };
		DDE0A8D1203FE4EA0088478F /* Base */ = {isa = PBXFileReference; lastKnownFileType = file.storyboard; name = Base; path = Base.lproj/LaunchScreen.storyboard; sourceTree = "<group>"; };
		DDE0A8D3203FE4EA0088478F /* Info.plist */ = {isa = PBXFileReference; lastKnownFileType = text.plist.xml; path = Info.plist; sourceTree = "<group>"; };
		DDE0A8D8203FE4EB0088478F /* QuizTests.xctest */ = {isa = PBXFileReference; explicitFileType = wrapper.cfbundle; includeInIndex = 0; path = QuizTests.xctest; sourceTree = BUILT_PRODUCTS_DIR; };
		DDE0A8DC203FE4EB0088478F /* QuizTests.swift */ = {isa = PBXFileReference; lastKnownFileType = sourcecode.swift; path = QuizTests.swift; sourceTree = "<group>"; };
		DDE0A8DE203FE4EB0088478F /* Info.plist */ = {isa = PBXFileReference; lastKnownFileType = text.plist.xml; path = Info.plist; sourceTree = "<group>"; };
		DDE0A8E3203FE4EB0088478F /* QuizUITests.xctest */ = {isa = PBXFileReference; explicitFileType = wrapper.cfbundle; includeInIndex = 0; path = QuizUITests.xctest; sourceTree = BUILT_PRODUCTS_DIR; };
		DDE0A8E7203FE4EB0088478F /* QuizUITests.swift */ = {isa = PBXFileReference; lastKnownFileType = sourcecode.swift; path = QuizUITests.swift; sourceTree = "<group>"; };
		DDE0A8E9203FE4EB0088478F /* Info.plist */ = {isa = PBXFileReference; lastKnownFileType = text.plist.xml; path = Info.plist; sourceTree = "<group>"; };
/* End PBXFileReference section */

/* Begin PBXFrameworksBuildPhase section */
		DDE0A8C1203FE4EA0088478F /* Frameworks */ = {
			isa = PBXFrameworksBuildPhase;
			buildActionMask = 2147483647;
			files = (
			);
			runOnlyForDeploymentPostprocessing = 0;
		};
		DDE0A8D5203FE4EB0088478F /* Frameworks */ = {
			isa = PBXFrameworksBuildPhase;
			buildActionMask = 2147483647;
			files = (
			);
			runOnlyForDeploymentPostprocessing = 0;
		};
		DDE0A8E0203FE4EB0088478F /* Frameworks */ = {
			isa = PBXFrameworksBuildPhase;
			buildActionMask = 2147483647;
			files = (
			);
			runOnlyForDeploymentPostprocessing = 0;
		};
/* End PBXFrameworksBuildPhase section */

/* Begin PBXGroup section */
		DDE0A8BB203FE4EA0088478F = {
			isa = PBXGroup;
			children = (
				DDE0A8C6203FE4EA0088478F /* Quiz */,
				DDE0A8DB203FE4EB0088478F /* QuizTests */,
				DDE0A8E6203FE4EB0088478F /* QuizUITests */,
				DDE0A8C5203FE4EA0088478F /* Products */,
			);
			sourceTree = "<group>";
		};
		DDE0A8C5203FE4EA0088478F /* Products */ = {
			isa = PBXGroup;
			children = (
				DDE0A8C4203FE4EA0088478F /* Quiz.app */,
				DDE0A8D8203FE4EB0088478F /* QuizTests.xctest */,
				DDE0A8E3203FE4EB0088478F /* QuizUITests.xctest */,
			);
			name = Products;
			sourceTree = "<group>";
		};
		DDE0A8C6203FE4EA0088478F /* Quiz */ = {
			isa = PBXGroup;
			children = (
				DDE0A8C7203FE4EA0088478F /* AppDelegate.swift */,
				DDE0A8C9203FE4EA0088478F /* ViewController.swift */,
				DDE0A8CB203FE4EA0088478F /* Main.storyboard */,
				DDE0A8CE203FE4EA0088478F /* Assets.xcassets */,
				DDE0A8D0203FE4EA0088478F /* LaunchScreen.storyboard */,
				DDE0A8D3203FE4EA0088478F /* Info.plist */,
			);
			path = Quiz;
			sourceTree = "<group>";
		};
		DDE0A8DB203FE4EB0088478F /* QuizTests */ = {
			isa = PBXGroup;
			children = (
				DDE0A8DC203FE4EB0088478F /* QuizTests.swift */,
				DDE0A8DE203FE4EB0088478F /* Info.plist */,
			);
			path = QuizTests;
			sourceTree = "<group>";
		};
		DDE0A8E6203FE4EB0088478F /* QuizUITests */ = {
			isa = PBXGroup;
			children = (
				DDE0A8E7203FE4EB0088478F /* QuizUITests.swift */,
				DDE0A8E9203FE4EB0088478F /* Info.plist */,
			);
			path = QuizUITests;
			sourceTree = "<group>";
		};
/* End PBXGroup section */

/* Begin PBXNativeTarget section */
		DDE0A8C3203FE4EA0088478F /* Quiz */ = {
			isa = PBXNativeTarget;
			buildConfigurationList = DDE0A8EC203FE4EB0088478F /* Build configuration list for PBXNativeTarget "Quiz" */;
			buildPhases = (
				DDE0A8C0203FE4EA0088478F /* Sources */,
				DDE0A8C1203FE4EA0088478F /* Frameworks */,
				DDE0A8C2203FE4EA0088478F /* Resources */,
			);
			buildRules = (
			);
			dependencies = (
			);
			name = Quiz;
			productName = Quiz;
			productReference = DDE0A8C4203FE4EA0088478F /* Quiz.app */;
			productType = "com.apple.product-type.application";
		};
		DDE0A8D7203FE4EB0088478F /* QuizTests */ = {
			isa = PBXNativeTarget;
			buildConfigurationList = DDE0A8EF203FE4EB0088478F /* Build configuration list for PBXNativeTarget "QuizTests" */;
			buildPhases = (
				DDE0A8D4203FE4EB0088478F /* Sources */,
				DDE0A8D5203FE4EB0088478F /* Frameworks */,
				DDE0A8D6203FE4EB0088478F /* Resources */,
			);
			buildRules = (
			);
			dependencies = (
				DDE0A8DA203FE4EB0088478F /* PBXTargetDependency */,
			);
			name = QuizTests;
			productName = QuizTests;
			productReference = DDE0A8D8203FE4EB0088478F /* QuizTests.xctest */;
			productType = "com.apple.product-type.bundle.unit-test";
		};
		DDE0A8E2203FE4EB0088478F /* QuizUITests */ = {
			isa = PBXNativeTarget;
			buildConfigurationList = DDE0A8F2203FE4EB0088478F /* Build configuration list for PBXNativeTarget "QuizUITests" */;
			buildPhases = (
				DDE0A8DF203FE4EB0088478F /* Sources */,
				DDE0A8E0203FE4EB0088478F /* Frameworks */,
				DDE0A8E1203FE4EB0088478F /* Resources */,
			);
			buildRules = (
			);
			dependencies = (
				DDE0A8E5203FE4EB0088478F /* PBXTargetDependency */,
			);
			name = QuizUITests;
			productName = QuizUITests;
			productReference = DDE0A8E3203FE4EB0088478F /* QuizUITests.xctest */;
			productType = "com.apple.product-type.bundle.ui-testing";
		};
/* End PBXNativeTarget section */

/* Begin PBXProject section */
		DDE0A8BC203FE4EA0088478F /* Project object */ = {
			isa = PBXProject;
			attributes = {
				LastSwiftUpdateCheck = 0920;
				LastUpgradeCheck = 0920;
				ORGANIZATIONNAME = "Jose Manuel García Chávez";
				TargetAttributes = {
					DDE0A8C3203FE4EA0088478F = {
						CreatedOnToolsVersion = 9.2;
						ProvisioningStyle = Automatic;
					};
					DDE0A8D7203FE4EB0088478F = {
						CreatedOnToolsVersion = 9.2;
						ProvisioningStyle = Automatic;
						TestTargetID = DDE0A8C3203FE4EA0088478F;
					};
					DDE0A8E2203FE4EB0088478F = {
						CreatedOnToolsVersion = 9.2;
						ProvisioningStyle = Automatic;
						TestTargetID = DDE0A8C3203FE4EA0088478F;
					};
				};
			};
			buildConfigurationList = DDE0A8BF203FE4EA0088478F /* Build configuration list for PBXProject "Quiz" */;
			compatibilityVersion = "Xcode 8.0";
			developmentRegion = en;
			hasScannedForEncodings = 0;
			knownRegions = (
				en,
				Base,
			);
			mainGroup = DDE0A8BB203FE4EA0088478F;
			productRefGroup = DDE0A8C5203FE4EA0088478F /* Products */;
			projectDirPath = "";
			projectRoot = "";
			targets = (
				DDE0A8C3203FE4EA0088478F /* Quiz */,
				DDE0A8D7203FE4EB0088478F /* QuizTests */,
				DDE0A8E2203FE4EB0088478F /* QuizUITests */,
			);
		};
/* End PBXProject section */

/* Begin PBXResourcesBuildPhase section */
		DDE0A8C2203FE4EA0088478F /* Resources */ = {
			isa = PBXResourcesBuildPhase;
			buildActionMask = 2147483647;
			files = (
				DDE0A8D2203FE4EA0088478F /* LaunchScreen.storyboard in Resources */,
				DDE0A8CF203FE4EA0088478F /* Assets.xcassets in Resources */,
				DDE0A8CD203FE4EA0088478F /* Main.storyboard in Resources */,
			);
			runOnlyForDeploymentPostprocessing = 0;
		};
		DDE0A8D6203FE4EB0088478F /* Resources */ = {
			isa = PBXResourcesBuildPhase;
			buildActionMask = 2147483647;
			files = (
			);
			runOnlyForDeploymentPostprocessing = 0;
		};
		DDE0A8E1203FE4EB0088478F /* Resources */ = {
			isa = PBXResourcesBuildPhase;
			buildActionMask = 2147483647;
			files = (
			);
			runOnlyForDeploymentPostprocessing = 0;
		};
/* End PBXResourcesBuildPhase section */

/* Begin PBXSourcesBuildPhase section */
		DDE0A8C0203FE4EA0088478F /* Sources */ = {
			isa = PBXSourcesBuildPhase;
			buildActionMask = 2147483647;
			files = (
				DDE0A8CA203FE4EA0088478F /* ViewController.swift in Sources */,
				DDE0A8C8203FE4EA0088478F /* AppDelegate.swift in Sources */,
			);
			runOnlyForDeploymentPostprocessing = 0;
		};
		DDE0A8D4203FE4EB0088478F /* Sources */ = {
			isa = PBXSourcesBuildPhase;
			buildActionMask = 2147483647;
			files = (
				DDE0A8DD203FE4EB0088478F /* QuizTests.swift in Sources */,
			);
			runOnlyForDeploymentPostprocessing = 0;
		};
		DDE0A8DF203FE4EB0088478F /* Sources */ = {
			isa = PBXSourcesBuildPhase;
			buildActionMask = 2147483647;
			files = (
				DDE0A8E8203FE4EB0088478F /* QuizUITests.swift in Sources */,
			);
			runOnlyForDeploymentPostprocessing = 0;
		};
/* End PBXSourcesBuildPhase section */

/* Begin PBXTargetDependency section */
		DDE0A8DA203FE4EB0088478F /* PBXTargetDependency */ = {
			isa = PBXTargetDependency;
			target = DDE0A8C3203FE4EA0088478F /* Quiz */;
			targetProxy = DDE0A8D9203FE4EB0088478F /* PBXContainerItemProxy */;
		};
		DDE0A8E5203FE4EB0088478F /* PBXTargetDependency */ = {
			isa = PBXTargetDependency;
			target = DDE0A8C3203FE4EA0088478F /* Quiz */;
			targetProxy = DDE0A8E4203FE4EB0088478F /* PBXContainerItemProxy */;
		};
/* End PBXTargetDependency section */

/* Begin PBXVariantGroup section */
		DDE0A8CB203FE4EA0088478F /* Main.storyboard */ = {
			isa = PBXVariantGroup;
			children = (
				DDE0A8CC203FE4EA0088478F /* Base */,
			);
			name = Main.storyboard;
			sourceTree = "<group>";
		};
		DDE0A8D0203FE4EA0088478F /* LaunchScreen.storyboard */ = {
			isa = PBXVariantGroup;
			children = (
				DDE0A8D1203FE4EA0088478F /* Base */,
			);
			name = LaunchScreen.storyboard;
			sourceTree = "<group>";
		};
/* End PBXVariantGroup section */

/* Begin XCBuildConfiguration section */
		DDE0A8EA203FE4EB0088478F /* Debug */ = {
			isa = XCBuildConfiguration;
			buildSettings = {
				ALWAYS_SEARCH_USER_PATHS = NO;
				CLANG_ANALYZER_NONNULL = YES;
				CLANG_ANALYZER_NUMBER_OBJECT_CONVERSION = YES_AGGRESSIVE;
				CLANG_CXX_LANGUAGE_STANDARD = "gnu++14";
				CLANG_CXX_LIBRARY = "libc++";
				CLANG_ENABLE_MODULES = YES;
				CLANG_ENABLE_OBJC_ARC = YES;
				CLANG_WARN_BLOCK_CAPTURE_AUTORELEASING = YES;
				CLANG_WARN_BOOL_CONVERSION = YES;
				CLANG_WARN_COMMA = YES;
				CLANG_WARN_CONSTANT_CONVERSION = YES;
				CLANG_WARN_DIRECT_OBJC_ISA_USAGE = YES_ERROR;
				CLANG_WARN_DOCUMENTATION_COMMENTS = YES;
				CLANG_WARN_EMPTY_BODY = YES;
				CLANG_WARN_ENUM_CONVERSION = YES;
				CLANG_WARN_INFINITE_RECURSION = YES;
				CLANG_WARN_INT_CONVERSION = YES;
				CLANG_WARN_NON_LITERAL_NULL_CONVERSION = YES;
				CLANG_WARN_OBJC_LITERAL_CONVERSION = YES;
				CLANG_WARN_OBJC_ROOT_CLASS = YES_ERROR;
				CLANG_WARN_RANGE_LOOP_ANALYSIS = YES;
				CLANG_WARN_STRICT_PROTOTYPES = YES;
				CLANG_WARN_SUSPICIOUS_MOVE = YES;
				CLANG_WARN_UNGUARDED_AVAILABILITY = YES_AGGRESSIVE;
				CLANG_WARN_UNREACHABLE_CODE = YES;
				CLANG_WARN__DUPLICATE_METHOD_MATCH = YES;
				CODE_SIGN_IDENTITY = "iPhone Developer";
				COPY_PHASE_STRIP = NO;
				DEBUG_INFORMATION_FORMAT = dwarf;
				ENABLE_STRICT_OBJC_MSGSEND = YES;
				ENABLE_TESTABILITY = YES;
				GCC_C_LANGUAGE_STANDARD = gnu11;
				GCC_DYNAMIC_NO_PIC = NO;
				GCC_NO_COMMON_BLOCKS = YES;
				GCC_OPTIMIZATION_LEVEL = 0;
				GCC_PREPROCESSOR_DEFINITIONS = (
					"DEBUG=1",
					"$(inherited)",
				);
				GCC_WARN_64_TO_32_BIT_CONVERSION = YES;
				GCC_WARN_ABOUT_RETURN_TYPE = YES_ERROR;
				GCC_WARN_UNDECLARED_SELECTOR = YES;
				GCC_WARN_UNINITIALIZED_AUTOS = YES_AGGRESSIVE;
				GCC_WARN_UNUSED_FUNCTION = YES;
				GCC_WARN_UNUSED_VARIABLE = YES;
				IPHONEOS_DEPLOYMENT_TARGET = 11.2;
				MTL_ENABLE_DEBUG_INFO = YES;
				ONLY_ACTIVE_ARCH = YES;
				SDKROOT = iphoneos;
				SWIFT_ACTIVE_COMPILATION_CONDITIONS = DEBUG;
				SWIFT_OPTIMIZATION_LEVEL = "-Onone";
			};
			name = Debug;
		};
		DDE0A8EB203FE4EB0088478F /* Release */ = {
			isa = XCBuildConfiguration;
			buildSettings = {
				ALWAYS_SEARCH_USER_PATHS = NO;
				CLANG_ANALYZER_NONNULL = YES;
				CLANG_ANALYZER_NUMBER_OBJECT_CONVERSION = YES_AGGRESSIVE;
				CLANG_CXX_LANGUAGE_STANDARD = "gnu++14";
				CLANG_CXX_LIBRARY = "libc++";
				CLANG_ENABLE_MODULES = YES;
				CLANG_ENABLE_OBJC_ARC = YES;
				CLANG_WARN_BLOCK_CAPTURE_AUTORELEASING = YES;
				CLANG_WARN_BOOL_CONVERSION = YES;
				CLANG_WARN_COMMA = YES;
				CLANG_WARN_CONSTANT_CONVERSION = YES;
				CLANG_WARN_DIRECT_OBJC_ISA_USAGE = YES_ERROR;
				CLANG_WARN_DOCUMENTATION_COMMENTS = YES;
				CLANG_WARN_EMPTY_BODY = YES;
				CLANG_WARN_ENUM_CONVERSION = YES;
				CLANG_WARN_INFINITE_RECURSION = YES;
				CLANG_WARN_INT_CONVERSION = YES;
				CLANG_WARN_NON_LITERAL_NULL_CONVERSION = YES;
				CLANG_WARN_OBJC_LITERAL_CONVERSION = YES;
				CLANG_WARN_OBJC_ROOT_CLASS = YES_ERROR;
				CLANG_WARN_RANGE_LOOP_ANALYSIS = YES;
				CLANG_WARN_STRICT_PROTOTYPES = YES;
				CLANG_WARN_SUSPICIOUS_MOVE = YES;
				CLANG_WARN_UNGUARDED_AVAILABILITY = YES_AGGRESSIVE;
				CLANG_WARN_UNREACHABLE_CODE = YES;
				CLANG_WARN__DUPLICATE_METHOD_MATCH = YES;
				CODE_SIGN_IDENTITY = "iPhone Developer";
				COPY_PHASE_STRIP = NO;
				DEBUG_INFORMATION_FORMAT = "dwarf-with-dsym";
				ENABLE_NS_ASSERTIONS = NO;
				ENABLE_STRICT_OBJC_MSGSEND = YES;
				GCC_C_LANGUAGE_STANDARD = gnu11;
				GCC_NO_COMMON_BLOCKS = YES;
				GCC_WARN_64_TO_32_BIT_CONVERSION = YES;
				GCC_WARN_ABOUT_RETURN_TYPE = YES_ERROR;
				GCC_WARN_UNDECLARED_SELECTOR = YES;
				GCC_WARN_UNINITIALIZED_AUTOS = YES_AGGRESSIVE;
				GCC_WARN_UNUSED_FUNCTION = YES;
				GCC_WARN_UNUSED_VARIABLE = YES;
				IPHONEOS_DEPLOYMENT_TARGET = 11.2;
				MTL_ENABLE_DEBUG_INFO = NO;
				SDKROOT = iphoneos;
				SWIFT_OPTIMIZATION_LEVEL = "-Owholemodule";
				VALIDATE_PRODUCT = YES;
			};
			name = Release;
		};
		DDE0A8ED203FE4EB0088478F /* Debug */ = {
			isa = XCBuildConfiguration;
			buildSettings = {
				ASSETCATALOG_COMPILER_APPICON_NAME = AppIcon;
				CODE_SIGN_STYLE = Automatic;
				INFOPLIST_FILE = Quiz/Info.plist;
				LD_RUNPATH_SEARCH_PATHS = "$(inherited) @executable_path/Frameworks";
				PRODUCT_BUNDLE_IDENTIFIER = com.JoseManuelProject.Quiz;
				PRODUCT_NAME = "$(TARGET_NAME)";
				SWIFT_VERSION = 4.0;
				TARGETED_DEVICE_FAMILY = "1,2";
			};
			name = Debug;
		};
		DDE0A8EE203FE4EB0088478F /* Release */ = {
			isa = XCBuildConfiguration;
			buildSettings = {
				ASSETCATALOG_COMPILER_APPICON_NAME = AppIcon;
				CODE_SIGN_STYLE = Automatic;
				INFOPLIST_FILE = Quiz/Info.plist;
				LD_RUNPATH_SEARCH_PATHS = "$(inherited) @executable_path/Frameworks";
				PRODUCT_BUNDLE_IDENTIFIER = com.JoseManuelProject.Quiz;
				PRODUCT_NAME = "$(TARGET_NAME)";
				SWIFT_VERSION = 4.0;
				TARGETED_DEVICE_FAMILY = "1,2";
			};
			name = Release;
		};
		DDE0A8F0203FE4EB0088478F /* Debug */ = {
			isa = XCBuildConfiguration;
			buildSettings = {
				ALWAYS_EMBED_SWIFT_STANDARD_LIBRARIES = YES;
				BUNDLE_LOADER = "$(TEST_HOST)";
				CODE_SIGN_STYLE = Automatic;
				INFOPLIST_FILE = QuizTests/Info.plist;
				LD_RUNPATH_SEARCH_PATHS = "$(inherited) @executable_path/Frameworks @loader_path/Frameworks";
				PRODUCT_BUNDLE_IDENTIFIER = com.JoseManuelProject.QuizTests;
				PRODUCT_NAME = "$(TARGET_NAME)";
				SWIFT_VERSION = 4.0;
				TARGETED_DEVICE_FAMILY = "1,2";
				TEST_HOST = "$(BUILT_PRODUCTS_DIR)/Quiz.app/Quiz";
			};
			name = Debug;
		};
		DDE0A8F1203FE4EB0088478F /* Release */ = {
			isa = XCBuildConfiguration;
			buildSettings = {
				ALWAYS_EMBED_SWIFT_STANDARD_LIBRARIES = YES;
				BUNDLE_LOADER = "$(TEST_HOST)";
				CODE_SIGN_STYLE = Automatic;
				INFOPLIST_FILE = QuizTests/Info.plist;
				LD_RUNPATH_SEARCH_PATHS = "$(inherited) @executable_path/Frameworks @loader_path/Frameworks";
				PRODUCT_BUNDLE_IDENTIFIER = com.JoseManuelProject.QuizTests;
				PRODUCT_NAME = "$(TARGET_NAME)";
				SWIFT_VERSION = 4.0;
				TARGETED_DEVICE_FAMILY = "1,2";
				TEST_HOST = "$(BUILT_PRODUCTS_DIR)/Quiz.app/Quiz";
			};
			name = Release;
		};
		DDE0A8F3203FE4EB0088478F /* Debug */ = {
			isa = XCBuildConfiguration;
			buildSettings = {
				ALWAYS_EMBED_SWIFT_STANDARD_LIBRARIES = YES;
				CODE_SIGN_STYLE = Automatic;
				INFOPLIST_FILE = QuizUITests/Info.plist;
				LD_RUNPATH_SEARCH_PATHS = "$(inherited) @executable_path/Frameworks @loader_path/Frameworks";
				PRODUCT_BUNDLE_IDENTIFIER = com.JoseManuelProject.QuizUITests;
				PRODUCT_NAME = "$(TARGET_NAME)";
				SWIFT_VERSION = 4.0;
				TARGETED_DEVICE_FAMILY = "1,2";
				TEST_TARGET_NAME = Quiz;
			};
			name = Debug;
		};
		DDE0A8F4203FE4EB0088478F /* Release */ = {
			isa = XCBuildConfiguration;
			buildSettings = {
				ALWAYS_EMBED_SWIFT_STANDARD_LIBRARIES = YES;
				CODE_SIGN_STYLE = Automatic;
				INFOPLIST_FILE = QuizUITests/Info.plist;
				LD_RUNPATH_SEARCH_PATHS = "$(inherited) @executable_path/Frameworks @loader_path/Frameworks";
				PRODUCT_BUNDLE_IDENTIFIER = com.JoseManuelProject.QuizUITests;
				PRODUCT_NAME = "$(TARGET_NAME)";
				SWIFT_VERSION = 4.0;
				TARGETED_DEVICE_FAMILY = "1,2";
				TEST_TARGET_NAME = Quiz;
			};
			name = Release;
		};
/* End XCBuildConfiguration section */

/* Begin XCConfigurationList section */
		DDE0A8BF203FE4EA0088478F /* Build configuration list for PBXProject "Quiz" */ = {
			isa = XCConfigurationList;
			buildConfigurations = (
				DDE0A8EA203FE4EB0088478F /* Debug */,
				DDE0A8EB203FE4EB0088478F /* Release */,
			);
			defaultConfigurationIsVisible = 0;
			defaultConfigurationName = Release;
		};
		DDE0A8EC203FE4EB0088478F /* Build configuration list for PBXNativeTarget "Quiz" */ = {
			isa = XCConfigurationList;
			buildConfigurations = (
				DDE0A8ED203FE4EB0088478F /* Debug */,
				DDE0A8EE203FE4EB0088478F /* Release */,
			);
			defaultConfigurationIsVisible = 0;
			defaultConfigurationName = Release;
		};
		DDE0A8EF203FE4EB0088478F /* Build configuration list for PBXNativeTarget "QuizTests" */ = {
			isa = XCConfigurationList;
			buildConfigurations = (
				DDE0A8F0203FE4EB0088478F /* Debug */,
				DDE0A8F1203FE4EB0088478F /* Release */,
			);
			defaultConfigurationIsVisible = 0;
			defaultConfigurationName = Release;
		};
		DDE0A8F2203FE4EB0088478F /* Build configuration list for PBXNativeTarget "QuizUITests" */ = {
			isa = XCConfigurationList;
			buildConfigurations = (
				DDE0A8F3203FE4EB0088478F /* Debug */,
				DDE0A8F4203FE4EB0088478F /* Release */,
			);
			defaultConfigurationIsVisible = 0;
			defaultConfigurationName = Release;
		};
/* End XCConfigurationList section */
	};
	rootObject = DDE0A8BC203FE4EA0088478F /* Project object */;
}
